
Microsoft Visual Studio Solution File, Format Version 12.00
# Visual Studio Version 16
VisualStudioVersion = 16.0.30320.27
MinimumVisualStudioVersion = 10.0.40219.1
Project("{FAE04EC0-301F-11D3-BF4B-00C04F79EFBC}") = "UserRegistrationLamda", "UserRegistrationLamda.csproj", "{58459DBB-494D-4EE5-9D39-F1B8B810316C}"
EndProject
Global
	GlobalSection(SolutionConfigurationPlatforms) = preSolution
		Debug|Any CPU = Debug|Any CPU
		Release|Any CPU = Release|Any CPU
	EndGlobalSection
	GlobalSection(ProjectConfigurationPlatforms) = postSolution
		{58459DBB-494D-4EE5-9D39-F1B8B810316C}.Debug|Any CPU.ActiveCfg = Debug|Any CPU
		{58459DBB-494D-4EE5-9D39-F1B8B810316C}.Debug|Any CPU.Build.0 = Debug|Any CPU
		{58459DBB-494D-4EE5-9D39-F1B8B810316C}.Release|Any CPU.ActiveCfg = Release|Any CPU
		{58459DBB-494D-4EE5-9D39-F1B8B810316C}.Release|Any CPU.Build.0 = Release|Any CPU
	EndGlobalSection
	GlobalSection(SolutionProperties) = preSolution
		HideSolutionNode = FALSE
	EndGlobalSection
	GlobalSection(ExtensibilityGlobals) = postSolution
		SolutionGuid = {CDB0B606-C854-4D56-9050-18947526ECAB}
	EndGlobalSection
EndGlobal
